
Microsoft Visual Studio Solution File, Format Version 12.00
# Visual Studio 15
VisualStudioVersion = 15.0.27130.2010
MinimumVisualStudioVersion = 10.0.40219.1
Project("{FAE04EC0-301F-11D3-BF4B-00C04F79EFBC}") = "Cleartrip.Main", "Cleartrip.Main\Cleartrip.Main.csproj", "{5A3A2AB7-FC08-47B3-87E9-E6E171A3B943}"
EndProject
Project("{FAE04EC0-301F-11D3-BF4B-00C04F79EFBC}") = "Cleartrip.Library.Features", "Cleartrip.Library.Features\Cleartrip.Library.Features.csproj", "{B76B52AB-D794-47E0-82EC-FAF72A4A37F6}"
EndProject
Global
	GlobalSection(SolutionConfigurationPlatforms) = preSolution
		Debug|Any CPU = Debug|Any CPU
		Release|Any CPU = Release|Any CPU
	EndGlobalSection
	GlobalSection(ProjectConfigurationPlatforms) = postSolution
		{5A3A2AB7-FC08-47B3-87E9-E6E171A3B943}.Debug|Any CPU.ActiveCfg = Debug|Any CPU
		{5A3A2AB7-FC08-47B3-87E9-E6E171A3B943}.Debug|Any CPU.Build.0 = Debug|Any CPU
		{5A3A2AB7-FC08-47B3-87E9-E6E171A3B943}.Release|Any CPU.ActiveCfg = Release|Any CPU
		{5A3A2AB7-FC08-47B3-87E9-E6E171A3B943}.Release|Any CPU.Build.0 = Release|Any CPU
		{B76B52AB-D794-47E0-82EC-FAF72A4A37F6}.Debug|Any CPU.ActiveCfg = Debug|Any CPU
		{B76B52AB-D794-47E0-82EC-FAF72A4A37F6}.Debug|Any CPU.Build.0 = Debug|Any CPU
		{B76B52AB-D794-47E0-82EC-FAF72A4A37F6}.Release|Any CPU.ActiveCfg = Release|Any CPU
		{B76B52AB-D794-47E0-82EC-FAF72A4A37F6}.Release|Any CPU.Build.0 = Release|Any CPU
	EndGlobalSection
	GlobalSection(SolutionProperties) = preSolution
		HideSolutionNode = FALSE
	EndGlobalSection
	GlobalSection(ExtensibilityGlobals) = postSolution
		SolutionGuid = {F8498E55-0F04-4701-8CDC-5329A59C9599}
	EndGlobalSection
EndGlobal
